
Microsoft Visual Studio Solution File, Format Version 12.00
# Visual Studio 15
VisualStudioVersion = 15.0.27004.2002
MinimumVisualStudioVersion = 10.0.40219.1
Project("{8BC9CEB8-8B4A-11D0-8D11-00A0C91BC942}") = "Client Launcher", "Client\Launcher\Client Launcher.vcxproj", "{3E7CF842-6794-4EF4-B615-5336C8169769}"
EndProject
Project("{8BC9CEB8-8B4A-11D0-8D11-00A0C91BC942}") = "Client Core", "Client\Core\Client Core.vcxproj", "{523CBD33-35D9-4C9A-8DB1-54F267ACEC47}"
EndProject
Project("{8BC9CEB8-8B4A-11D0-8D11-00A0C91BC942}") = "Server Core", "Server\Core\Server Core.vcxproj", "{EC1C101F-B2D9-41EC-910F-6C56A812E5D7}"
EndProject
Global
	GlobalSection(SolutionConfigurationPlatforms) = preSolution
		Debug|Win32 = Debug|Win32
		Release|Win32 = Release|Win32
	EndGlobalSection
	GlobalSection(ProjectConfigurationPlatforms) = postSolution
		{3E7CF842-6794-4EF4-B615-5336C8169769}.Debug|Win32.ActiveCfg = Debug|Win32
		{3E7CF842-6794-4EF4-B615-5336C8169769}.Debug|Win32.Build.0 = Debug|Win32
		{3E7CF842-6794-4EF4-B615-5336C8169769}.Release|Win32.ActiveCfg = Release|Win32
		{3E7CF842-6794-4EF4-B615-5336C8169769}.Release|Win32.Build.0 = Release|Win32
		{523CBD33-35D9-4C9A-8DB1-54F267ACEC47}.Debug|Win32.ActiveCfg = Debug|Win32
		{523CBD33-35D9-4C9A-8DB1-54F267ACEC47}.Debug|Win32.Build.0 = Debug|Win32
		{523CBD33-35D9-4C9A-8DB1-54F267ACEC47}.Release|Win32.ActiveCfg = Release|Win32
		{523CBD33-35D9-4C9A-8DB1-54F267ACEC47}.Release|Win32.Build.0 = Release|Win32
		{EC1C101F-B2D9-41EC-910F-6C56A812E5D7}.Debug|Win32.ActiveCfg = Debug|Win32
		{EC1C101F-B2D9-41EC-910F-6C56A812E5D7}.Debug|Win32.Build.0 = Debug|Win32
		{EC1C101F-B2D9-41EC-910F-6C56A812E5D7}.Release|Win32.ActiveCfg = Release|Win32
		{EC1C101F-B2D9-41EC-910F-6C56A812E5D7}.Release|Win32.Build.0 = Release|Win32
	EndGlobalSection
	GlobalSection(SolutionProperties) = preSolution
		HideSolutionNode = FALSE
	EndGlobalSection
	GlobalSection(ExtensibilityGlobals) = postSolution
		SolutionGuid = {809086CA-0B47-49E9-AD87-72FB7A52E290}
	EndGlobalSection
EndGlobal
